{
  "name": "random-str-mensajes",
  "version": "1.0.0",
  "lockfileVersion": 3,
  "requires": true,
  "packages": {
    "": {
      "name": "random-str-mensajes",
      "version": "1.0.0",
      "license": "MIT",
      "dependencies": {
        "g": "^2.0.1",
        "random-str-mensajes": "^1.0.0"
      },
      "bin": {
        "random-str-msg": "bin/global.js"
      }
    },
    "node_modules/g": {
      "version": "2.0.1",
      "resolved": "https://registry.npmjs.org/g/-/g-2.0.1.tgz",
      "integrity": "sha512-Fi6Ng5fZ/ANLQ15H11hCe+09sgUoNvDEBevVgx3KoYOhsH5iLNPn54hx0jPZ+3oSWr+xajnp2Qau9VmPsc7hTA=="
    },
    "node_modules/random-str-mensajes": {
      "version": "1.0.0",
      "resolved": "https://registry.npmjs.org/random-str-mensajes/-/random-str-mensajes-1.0.0.tgz",
      "integrity": "sha512-DF/RNgX/rsmL+K0ri1s2w/pstlz1I8293uwsvaxKdNPneD7n0qg7XvUMA1BBL2T2YZ4Lba7cgZqTtfoj37wCiw==",
      "dependencies": {
        "g": "^2.0.1"
      },
      "bin": {
        "random-str-msg": "bin/global.js"
      }
    }
  }
}
